# Generated by buf. DO NOT EDIT.
version: v1
deps:
  - remote: buf.build
    owner: streamingfast
    repository: firehose
    commit: 9d6efa32daca4ea69d36b6a0bd1f2a72
    digest: shake256:b0f2d94a4fed1cea285d685397f49e35a1fa91a36d05b4aee0bfd146cb1b28d1de47ec8b1bda11e6ed06e6c6cf85b2d20a70fcdd289161f2d01f8154e780ce40
  - remote: buf.build
    owner: streamingfast
    repository: solana-accounts
    commit: b7edbab24d5a4a9db980eabe34cf3c73
    digest: shake256:5b6e02bd08ce570c28d94ed031e38290c1f256df43a13557927781e955d5c63752718ddc109ee622d10bbeec4b76d6ef38c2f5a5f66899b99c2f7799a8bbbe26
  - remote: buf.build
    owner: streamingfast
    repository: substreams
    commit: ef2f43440d924843bd97044a4c97c168
    digest: shake256:be57f13fc991d60721a3c653a9caf4418319667dafa96442a3c133cbdaf0b987386271f5091fb959ac7c2e664e63f7277e4a12c9295a917339bec0d30996f55b
